// !$*UTF8*$!
{
	archiveVersion = 1;
	classes = {
	};
	objectVersion = 56;
	objects = {

/* Begin PBXBuildFile section */
		FB96904329A47FC7002BA9DF /* WineCellarApp.swift in Sources */ = {isa = PBXBuildFile; fileRef = FB96904229A47FC7002BA9DF /* WineCellarApp.swift */; };
		FB96904529A47FC7002BA9DF /* WelcomeView.swift in Sources */ = {isa = PBXBuildFile; fileRef = FB96904429A47FC7002BA9DF /* WelcomeView.swift */; };
		FB96904729A47FC8002BA9DF /* Assets.xcassets in Resources */ = {isa = PBXBuildFile; fileRef = FB96904629A47FC8002BA9DF /* Assets.xcassets */; };
		FB96904A29A47FC8002BA9DF /* Preview Assets.xcassets in Resources */ = {isa = PBXBuildFile; fileRef = FB96904929A47FC8002BA9DF /* Preview Assets.xcassets */; };
		FB96905E29A495EF002BA9DF /* WineGlassGIF - Transparent.mp4 in Resources */ = {isa = PBXBuildFile; fileRef = FB96905D29A495EF002BA9DF /* WineGlassGIF - Transparent.mp4 */; };
		FB96906029A542B1002BA9DF /* HomeView.swift in Sources */ = {isa = PBXBuildFile; fileRef = FB96905F29A542B1002BA9DF /* HomeView.swift */; };
/* End PBXBuildFile section */

/* Begin PBXFileReference section */
		FB96903F29A47FC7002BA9DF /* WineCellar.app */ = {isa = PBXFileReference; explicitFileType = wrapper.application; includeInIndex = 0; path = WineCellar.app; sourceTree = BUILT_PRODUCTS_DIR; };
		FB96904229A47FC7002BA9DF /* WineCellarApp.swift */ = {isa = PBXFileReference; lastKnownFileType = sourcecode.swift; path = WineCellarApp.swift; sourceTree = "<group>"; };
		FB96904429A47FC7002BA9DF /* WelcomeView.swift */ = {isa = PBXFileReference; lastKnownFileType = sourcecode.swift; path = WelcomeView.swift; sourceTree = "<group>"; };
		FB96904629A47FC8002BA9DF /* Assets.xcassets */ = {isa = PBXFileReference; lastKnownFileType = folder.assetcatalog; path = Assets.xcassets; sourceTree = "<group>"; };
		FB96904929A47FC8002BA9DF /* Preview Assets.xcassets */ = {isa = PBXFileReference; lastKnownFileType = folder.assetcatalog; path = "Preview Assets.xcassets"; sourceTree = "<group>"; };
		FB96905D29A495EF002BA9DF /* WineGlassGIF - Transparent.mp4 */ = {isa = PBXFileReference; lastKnownFileType = file; name = "WineGlassGIF - Transparent.mp4"; path = "../../../WineGlassGIF - Transparent.mp4"; sourceTree = "<group>"; };
		FB96905F29A542B1002BA9DF /* HomeView.swift */ = {isa = PBXFileReference; lastKnownFileType = sourcecode.swift; path = HomeView.swift; sourceTree = "<group>"; };
/* End PBXFileReference section */

/* Begin PBXFrameworksBuildPhase section */
		FB96903C29A47FC7002BA9DF /* Frameworks */ = {
			isa = PBXFrameworksBuildPhase;
			buildActionMask = 2147483647;
			files = (
			);
			runOnlyForDeploymentPostprocessing = 0;
		};
/* End PBXFrameworksBuildPhase section */

/* Begin PBXGroup section */
		FB96903629A47FC7002BA9DF = {
			isa = PBXGroup;
			children = (
				FB96904129A47FC7002BA9DF /* WineCellar */,
				FB96904029A47FC7002BA9DF /* Products */,
			);
			sourceTree = "<group>";
		};
		FB96904029A47FC7002BA9DF /* Products */ = {
			isa = PBXGroup;
			children = (
				FB96903F29A47FC7002BA9DF /* WineCellar.app */,
			);
			name = Products;
			sourceTree = "<group>";
		};
		FB96904129A47FC7002BA9DF /* WineCellar */ = {
			isa = PBXGroup;
			children = (
				FB96906329A556EB002BA9DF /* Utilities */,
				FB96906229A556DB002BA9DF /* Screens */,
				FB96906129A556D0002BA9DF /* Views */,
				FB96904229A47FC7002BA9DF /* WineCellarApp.swift */,
				FB96904629A47FC8002BA9DF /* Assets.xcassets */,
				FB96905D29A495EF002BA9DF /* WineGlassGIF - Transparent.mp4 */,
				FB96904829A47FC8002BA9DF /* Preview Content */,
			);
			path = WineCellar;
			sourceTree = "<group>";
		};
		FB96904829A47FC8002BA9DF /* Preview Content */ = {
			isa = PBXGroup;
			children = (
				FB96904929A47FC8002BA9DF /* Preview Assets.xcassets */,
			);
			path = "Preview Content";
			sourceTree = "<group>";
		};
		FB96906129A556D0002BA9DF /* Views */ = {
			isa = PBXGroup;
			children = (
			);
			path = Views;
			sourceTree = "<group>";
		};
		FB96906229A556DB002BA9DF /* Screens */ = {
			isa = PBXGroup;
			children = (
				FB96904429A47FC7002BA9DF /* WelcomeView.swift */,
				FB96905F29A542B1002BA9DF /* HomeView.swift */,
			);
			path = Screens;
			sourceTree = "<group>";
		};
		FB96906329A556EB002BA9DF /* Utilities */ = {
			isa = PBXGroup;
			children = (
			);
			path = Utilities;
			sourceTree = "<group>";
		};
/* End PBXGroup section */

/* Begin PBXNativeTarget section */
		FB96903E29A47FC7002BA9DF /* WineCellar */ = {
			isa = PBXNativeTarget;
			buildConfigurationList = FB96904D29A47FC8002BA9DF /* Build configuration list for PBXNativeTarget "WineCellar" */;
			buildPhases = (
				FB96903B29A47FC7002BA9DF /* Sources */,
				FB96903C29A47FC7002BA9DF /* Frameworks */,
				FB96903D29A47FC7002BA9DF /* Resources */,
			);
			buildRules = (
			);
			dependencies = (
			);
			name = WineCellar;
			productName = WineCellar;
			productReference = FB96903F29A47FC7002BA9DF /* WineCellar.app */;
			productType = "com.apple.product-type.application";
		};
/* End PBXNativeTarget section */

/* Begin PBXProject section */
		FB96903729A47FC7002BA9DF /* Project object */ = {
			isa = PBXProject;
			attributes = {
				BuildIndependentTargetsInParallel = 1;
				LastSwiftUpdateCheck = 1420;
				LastUpgradeCheck = 1420;
				TargetAttributes = {
					FB96903E29A47FC7002BA9DF = {
						CreatedOnToolsVersion = 14.2;
					};
				};
			};
			buildConfigurationList = FB96903A29A47FC7002BA9DF /* Build configuration list for PBXProject "WineCellar" */;
			compatibilityVersion = "Xcode 14.0";
			developmentRegion = en;
			hasScannedForEncodings = 0;
			knownRegions = (
				en,
				Base,
			);
			mainGroup = FB96903629A47FC7002BA9DF;
			productRefGroup = FB96904029A47FC7002BA9DF /* Products */;
			projectDirPath = "";
			projectRoot = "";
			targets = (
				FB96903E29A47FC7002BA9DF /* WineCellar */,
			);
		};
/* End PBXProject section */

/* Begin PBXResourcesBuildPhase section */
		FB96903D29A47FC7002BA9DF /* Resources */ = {
			isa = PBXResourcesBuildPhase;
			buildActionMask = 2147483647;
			files = (
				FB96904A29A47FC8002BA9DF /* Preview Assets.xcassets in Resources */,
				FB96904729A47FC8002BA9DF /* Assets.xcassets in Resources */,
				FB96905E29A495EF002BA9DF /* WineGlassGIF - Transparent.mp4 in Resources */,
			);
			runOnlyForDeploymentPostprocessing = 0;
		};
/* End PBXResourcesBuildPhase section */

/* Begin PBXSourcesBuildPhase section */
		FB96903B29A47FC7002BA9DF /* Sources */ = {
			isa = PBXSourcesBuildPhase;
			buildActionMask = 2147483647;
			files = (
				FB96906029A542B1002BA9DF /* HomeView.swift in Sources */,
				FB96904529A47FC7002BA9DF /* WelcomeView.swift in Sources */,
				FB96904329A47FC7002BA9DF /* WineCellarApp.swift in Sources */,
			);
			runOnlyForDeploymentPostprocessing = 0;
		};
/* End PBXSourcesBuildPhase section */

/* Begin XCBuildConfiguration section */
		FB96904B29A47FC8002BA9DF /* Debug */ = {
			isa = XCBuildConfiguration;
			buildSettings = {
				ALWAYS_SEARCH_USER_PATHS = NO;
				CLANG_ANALYZER_NONNULL = YES;
				CLANG_ANALYZER_NUMBER_OBJECT_CONVERSION = YES_AGGRESSIVE;
				CLANG_CXX_LANGUAGE_STANDARD = "gnu++20";
				CLANG_ENABLE_MODULES = YES;
				CLANG_ENABLE_OBJC_ARC = YES;
				CLANG_ENABLE_OBJC_WEAK = YES;
				CLANG_WARN_BLOCK_CAPTURE_AUTORELEASING = YES;
				CLANG_WARN_BOOL_CONVERSION = YES;
				CLANG_WARN_COMMA = YES;
				CLANG_WARN_CONSTANT_CONVERSION = YES;
				CLANG_WARN_DEPRECATED_OBJC_IMPLEMENTATIONS = YES;
				CLANG_WARN_DIRECT_OBJC_ISA_USAGE = YES_ERROR;
				CLANG_WARN_DOCUMENTATION_COMMENTS = YES;
				CLANG_WARN_EMPTY_BODY = YES;
				CLANG_WARN_ENUM_CONVERSION = YES;
				CLANG_WARN_INFINITE_RECURSION = YES;
				CLANG_WARN_INT_CONVERSION = YES;
				CLANG_WARN_NON_LITERAL_NULL_CONVERSION = YES;
				CLANG_WARN_OBJC_IMPLICIT_RETAIN_SELF = YES;
				CLANG_WARN_OBJC_LITERAL_CONVERSION = YES;
				CLANG_WARN_OBJC_ROOT_CLASS = YES_ERROR;
				CLANG_WARN_QUOTED_INCLUDE_IN_FRAMEWORK_HEADER = YES;
				CLANG_WARN_RANGE_LOOP_ANALYSIS = YES;
				CLANG_WARN_STRICT_PROTOTYPES = YES;
				CLANG_WARN_SUSPICIOUS_MOVE = YES;
				CLANG_WARN_UNGUARDED_AVAILABILITY = YES_AGGRESSIVE;
				CLANG_WARN_UNREACHABLE_CODE = YES;
				CLANG_WARN__DUPLICATE_METHOD_MATCH = YES;
				COPY_PHASE_STRIP = NO;
				DEBUG_INFORMATION_FORMAT = dwarf;
				ENABLE_STRICT_OBJC_MSGSEND = YES;
				ENABLE_TESTABILITY = YES;
				GCC_C_LANGUAGE_STANDARD = gnu11;
				GCC_DYNAMIC_NO_PIC = NO;
				GCC_NO_COMMON_BLOCKS = YES;
				GCC_OPTIMIZATION_LEVEL = 0;
				GCC_PREPROCESSOR_DEFINITIONS = (
					"DEBUG=1",
					"$(inherited)",
				);
				GCC_WARN_64_TO_32_BIT_CONVERSION = YES;
				GCC_WARN_ABOUT_RETURN_TYPE = YES_ERROR;
				GCC_WARN_UNDECLARED_SELECTOR = YES;
				GCC_WARN_UNINITIALIZED_AUTOS = YES_AGGRESSIVE;
				GCC_WARN_UNUSED_FUNCTION = YES;
				GCC_WARN_UNUSED_VARIABLE = YES;
				IPHONEOS_DEPLOYMENT_TARGET = 16.2;
				MTL_ENABLE_DEBUG_INFO = INCLUDE_SOURCE;
				MTL_FAST_MATH = YES;
				ONLY_ACTIVE_ARCH = YES;
				SDKROOT = iphoneos;
				SWIFT_ACTIVE_COMPILATION_CONDITIONS = DEBUG;
				SWIFT_OPTIMIZATION_LEVEL = "-Onone";
			};
			name = Debug;
		};
		FB96904C29A47FC8002BA9DF /* Release */ = {
			isa = XCBuildConfiguration;
			buildSettings = {
				ALWAYS_SEARCH_USER_PATHS = NO;
				CLANG_ANALYZER_NONNULL = YES;
				CLANG_ANALYZER_NUMBER_OBJECT_CONVERSION = YES_AGGRESSIVE;
				CLANG_CXX_LANGUAGE_STANDARD = "gnu++20";
				CLANG_ENABLE_MODULES = YES;
				CLANG_ENABLE_OBJC_ARC = YES;
				CLANG_ENABLE_OBJC_WEAK = YES;
				CLANG_WARN_BLOCK_CAPTURE_AUTORELEASING = YES;
				CLANG_WARN_BOOL_CONVERSION = YES;
				CLANG_WARN_COMMA = YES;
				CLANG_WARN_CONSTANT_CONVERSION = YES;
				CLANG_WARN_DEPRECATED_OBJC_IMPLEMENTATIONS = YES;
				CLANG_WARN_DIRECT_OBJC_ISA_USAGE = YES_ERROR;
				CLANG_WARN_DOCUMENTATION_COMMENTS = YES;
				CLANG_WARN_EMPTY_BODY = YES;
				CLANG_WARN_ENUM_CONVERSION = YES;
				CLANG_WARN_INFINITE_RECURSION = YES;
				CLANG_WARN_INT_CONVERSION = YES;
				CLANG_WARN_NON_LITERAL_NULL_CONVERSION = YES;
				CLANG_WARN_OBJC_IMPLICIT_RETAIN_SELF = YES;
				CLANG_WARN_OBJC_LITERAL_CONVERSION = YES;
				CLANG_WARN_OBJC_ROOT_CLASS = YES_ERROR;
				CLANG_WARN_QUOTED_INCLUDE_IN_FRAMEWORK_HEADER = YES;
				CLANG_WARN_RANGE_LOOP_ANALYSIS = YES;
				CLANG_WARN_STRICT_PROTOTYPES = YES;
				CLANG_WARN_SUSPICIOUS_MOVE = YES;
				CLANG_WARN_UNGUARDED_AVAILABILITY = YES_AGGRESSIVE;
				CLANG_WARN_UNREACHABLE_CODE = YES;
				CLANG_WARN__DUPLICATE_METHOD_MATCH = YES;
				COPY_PHASE_STRIP = NO;
				DEBUG_INFORMATION_FORMAT = "dwarf-with-dsym";
				ENABLE_NS_ASSERTIONS = NO;
				ENABLE_STRICT_OBJC_MSGSEND = YES;
				GCC_C_LANGUAGE_STANDARD = gnu11;
				GCC_NO_COMMON_BLOCKS = YES;
				GCC_WARN_64_TO_32_BIT_CONVERSION = YES;
				GCC_WARN_ABOUT_RETURN_TYPE = YES_ERROR;
				GCC_WARN_UNDECLARED_SELECTOR = YES;
				GCC_WARN_UNINITIALIZED_AUTOS = YES_AGGRESSIVE;
				GCC_WARN_UNUSED_FUNCTION = YES;
				GCC_WARN_UNUSED_VARIABLE = YES;
				IPHONEOS_DEPLOYMENT_TARGET = 16.2;
				MTL_ENABLE_DEBUG_INFO = NO;
				MTL_FAST_MATH = YES;
				SDKROOT = iphoneos;
				SWIFT_COMPILATION_MODE = wholemodule;
				SWIFT_OPTIMIZATION_LEVEL = "-O";
				VALIDATE_PRODUCT = YES;
			};
			name = Release;
		};
		FB96904E29A47FC8002BA9DF /* Debug */ = {
			isa = XCBuildConfiguration;
			buildSettings = {
				ASSETCATALOG_COMPILER_APPICON_NAME = AppIcon;
				ASSETCATALOG_COMPILER_GLOBAL_ACCENT_COLOR_NAME = AccentColor;
				CODE_SIGN_STYLE = Automatic;
				CURRENT_PROJECT_VERSION = 1;
				DEVELOPMENT_ASSET_PATHS = "\"WineCellar/Preview Content\"";
				DEVELOPMENT_TEAM = 3N4S7979VV;
				ENABLE_PREVIEWS = YES;
				GENERATE_INFOPLIST_FILE = YES;
				INFOPLIST_KEY_LSApplicationCategoryType = "public.app-category.food-and-drink";
				INFOPLIST_KEY_UIApplicationSceneManifest_Generation = YES;
				INFOPLIST_KEY_UIApplicationSupportsIndirectInputEvents = YES;
				INFOPLIST_KEY_UILaunchScreen_Generation = YES;
				INFOPLIST_KEY_UISupportedInterfaceOrientations = UIInterfaceOrientationPortrait;
				INFOPLIST_KEY_UISupportedInterfaceOrientations_iPad = "UIInterfaceOrientationLandscapeLeft UIInterfaceOrientationLandscapeRight UIInterfaceOrientationPortrait UIInterfaceOrientationPortraitUpsideDown";
				LD_RUNPATH_SEARCH_PATHS = (
					"$(inherited)",
					"@executable_path/Frameworks",
				);
				MARKETING_VERSION = 1.0;
				PRODUCT_BUNDLE_IDENTIFIER = com.ShashaankShankar.WineCellar;
				PRODUCT_NAME = "$(TARGET_NAME)";
				SUPPORTED_PLATFORMS = "iphoneos iphonesimulator";
				SUPPORTS_MACCATALYST = NO;
				SUPPORTS_MAC_DESIGNED_FOR_IPHONE_IPAD = NO;
				SWIFT_EMIT_LOC_STRINGS = YES;
				SWIFT_VERSION = 5.0;
				TARGETED_DEVICE_FAMILY = 1;
			};
			name = Debug;
		};
		FB96904F29A47FC8002BA9DF /* Release */ = {
			isa = XCBuildConfiguration;
			buildSettings = {
				ASSETCATALOG_COMPILER_APPICON_NAME = AppIcon;
				ASSETCATALOG_COMPILER_GLOBAL_ACCENT_COLOR_NAME = AccentColor;
				CODE_SIGN_STYLE = Automatic;
				CURRENT_PROJECT_VERSION = 1;
				DEVELOPMENT_ASSET_PATHS = "\"WineCellar/Preview Content\"";
				DEVELOPMENT_TEAM = 3N4S7979VV;
				ENABLE_PREVIEWS = YES;
				GENERATE_INFOPLIST_FILE = YES;
				INFOPLIST_KEY_LSApplicationCategoryType = "public.app-category.food-and-drink";
				INFOPLIST_KEY_UIApplicationSceneManifest_Generation = YES;
				INFOPLIST_KEY_UIApplicationSupportsIndirectInputEvents = YES;
				INFOPLIST_KEY_UILaunchScreen_Generation = YES;
				INFOPLIST_KEY_UISupportedInterfaceOrientations = UIInterfaceOrientationPortrait;
				INFOPLIST_KEY_UISupportedInterfaceOrientations_iPad = "UIInterfaceOrientationLandscapeLeft UIInterfaceOrientationLandscapeRight UIInterfaceOrientationPortrait UIInterfaceOrientationPortraitUpsideDown";
				LD_RUNPATH_SEARCH_PATHS = (
					"$(inherited)",
					"@executable_path/Frameworks",
				);
				MARKETING_VERSION = 1.0;
				PRODUCT_BUNDLE_IDENTIFIER = com.ShashaankShankar.WineCellar;
				PRODUCT_NAME = "$(TARGET_NAME)";
				SUPPORTED_PLATFORMS = "iphoneos iphonesimulator";
				SUPPORTS_MACCATALYST = NO;
				SUPPORTS_MAC_DESIGNED_FOR_IPHONE_IPAD = NO;
				SWIFT_EMIT_LOC_STRINGS = YES;
				SWIFT_VERSION = 5.0;
				TARGETED_DEVICE_FAMILY = 1;
			};
			name = Release;
		};
/* End XCBuildConfiguration section */

/* Begin XCConfigurationList section */
		FB96903A29A47FC7002BA9DF /* Build configuration list for PBXProject "WineCellar" */ = {
			isa = XCConfigurationList;
			buildConfigurations = (
				FB96904B29A47FC8002BA9DF /* Debug */,
				FB96904C29A47FC8002BA9DF /* Release */,
			);
			defaultConfigurationIsVisible = 0;
			defaultConfigurationName = Release;
		};
		FB96904D29A47FC8002BA9DF /* Build configuration list for PBXNativeTarget "WineCellar" */ = {
			isa = XCConfigurationList;
			buildConfigurations = (
				FB96904E29A47FC8002BA9DF /* Debug */,
				FB96904F29A47FC8002BA9DF /* Release */,
			);
			defaultConfigurationIsVisible = 0;
			defaultConfigurationName = Release;
		};
/* End XCConfigurationList section */
	};
	rootObject = FB96903729A47FC7002BA9DF /* Project object */;
}
